// !$*UTF8*$!
{
	archiveVersion = 1;
	classes = {
	};
	objectVersion = 56;
	objects = {

/* Begin PBXBuildFile section */
		14AB7B1ADF510161D9D2A59B /* Pods_HHA_2.framework in Frameworks */ = {isa = PBXBuildFile; fileRef = 6DE85EC195D106FA4F038CCE /* Pods_HHA_2.framework */; };
		2C15264E2C963F7100D20E35 /* CompareChart.swift in Sources */ = {isa = PBXBuildFile; fileRef = 2C15264D2C963F7000D20E35 /* CompareChart.swift */; };
		2C1C670E2CAC2D2800E96552 /* CommonViewModel.swift in Sources */ = {isa = PBXBuildFile; fileRef = 2C1C670D2CAC2D2800E96552 /* CommonViewModel.swift */; };
		2C31998C2C9396C4007EDC3C /* Card.swift in Sources */ = {isa = PBXBuildFile; fileRef = 2C31998B2C9396C4007EDC3C /* Card.swift */; };
		2C31998E2C9397E0007EDC3C /* RoundedButton.swift in Sources */ = {isa = PBXBuildFile; fileRef = 2C31998D2C9397E0007EDC3C /* RoundedButton.swift */; };
		2C4CC8252C9CC8540022B791 /* CustomToggle.swift in Sources */ = {isa = PBXBuildFile; fileRef = 2C4CC8242C9CC8540022B791 /* CustomToggle.swift */; };
		2C4CC8272C9CD61F0022B791 /* Footnote.swift in Sources */ = {isa = PBXBuildFile; fileRef = 2C4CC8262C9CD61F0022B791 /* Footnote.swift */; };
		2C4D49A02C930F0B00CAA89F /* HHA_2App.swift in Sources */ = {isa = PBXBuildFile; fileRef = 2C4D499F2C930F0B00CAA89F /* HHA_2App.swift */; };
		2C4D49A22C930F0B00CAA89F /* ContentView.swift in Sources */ = {isa = PBXBuildFile; fileRef = 2C4D49A12C930F0B00CAA89F /* ContentView.swift */; };
		2C4D49A42C930F0C00CAA89F /* Assets.xcassets in Resources */ = {isa = PBXBuildFile; fileRef = 2C4D49A32C930F0C00CAA89F /* Assets.xcassets */; };
		2C4D49A72C930F0C00CAA89F /* Preview Assets.xcassets in Resources */ = {isa = PBXBuildFile; fileRef = 2C4D49A62C930F0C00CAA89F /* Preview Assets.xcassets */; };
		2C67A49D2CA4BC9900BBF5FE /* DateSelector.swift in Sources */ = {isa = PBXBuildFile; fileRef = 2C67A49C2CA4BC9900BBF5FE /* DateSelector.swift */; };
		2C8A0B132C9EDA12003D7647 /* FloatingSheet.swift in Sources */ = {isa = PBXBuildFile; fileRef = 2C8A0B122C9EDA12003D7647 /* FloatingSheet.swift */; };
		2C8A0B172C9F6A7B003D7647 /* InputNumWithCalc.swift in Sources */ = {isa = PBXBuildFile; fileRef = 2C8A0B162C9F6A7B003D7647 /* InputNumWithCalc.swift */; };
		2C9348C82C95C38000E9129B /* YearMonthSelector.swift in Sources */ = {isa = PBXBuildFile; fileRef = 2C9348C72C95C37F00E9129B /* YearMonthSelector.swift */; };
		2C97A1992C9B7CE900E4EB2D /* InputPage.swift in Sources */ = {isa = PBXBuildFile; fileRef = 2C97A1982C9B7CE900E4EB2D /* InputPage.swift */; };
		2C97A19B2C9B835700E4EB2D /* SegmentedSelector.swift in Sources */ = {isa = PBXBuildFile; fileRef = 2C97A19A2C9B835700E4EB2D /* SegmentedSelector.swift */; };
		2C9AC8352C9E7B0400C57CDD /* InputText.swift in Sources */ = {isa = PBXBuildFile; fileRef = 2C9AC8342C9E7B0400C57CDD /* InputText.swift */; };
		2CB19EE52C931A8E008D1600 /* BalanceListPage.swift in Sources */ = {isa = PBXBuildFile; fileRef = 2CB19EE42C931A8E008D1600 /* BalanceListPage.swift */; };
		2CB19EEA2C931ADC008D1600 /* DepositWithdrawPage.swift in Sources */ = {isa = PBXBuildFile; fileRef = 2CB19EE92C931ADC008D1600 /* DepositWithdrawPage.swift */; };
		2CB19EEC2C931AED008D1600 /* CalendarPage.swift in Sources */ = {isa = PBXBuildFile; fileRef = 2CB19EEB2C931AED008D1600 /* CalendarPage.swift */; };
		2CB19EEE2C931B08008D1600 /* MenuPage.swift in Sources */ = {isa = PBXBuildFile; fileRef = 2CB19EED2C931B08008D1600 /* MenuPage.swift */; };
		2CB19EF02C931B1F008D1600 /* CommonModel.swift in Sources */ = {isa = PBXBuildFile; fileRef = 2CB19EEF2C931B1F008D1600 /* CommonModel.swift */; };
		2CB19EF22C931BA3008D1600 /* CustomTab.swift in Sources */ = {isa = PBXBuildFile; fileRef = 2CB19EF12C931BA3008D1600 /* CustomTab.swift */; };
		2CB8AB9D2C95BADD006ED0C4 /* InnerHeader.swift in Sources */ = {isa = PBXBuildFile; fileRef = 2CB8AB9C2C95BADD006ED0C4 /* InnerHeader.swift */; };
		2CCC87052C9A31BA00345310 /* Border.swift in Sources */ = {isa = PBXBuildFile; fileRef = 2CCC87042C9A31BA00345310 /* Border.swift */; };
		2CF193032C9689A600D4843B /* PieChart.swift in Sources */ = {isa = PBXBuildFile; fileRef = 2CF193022C9689A600D4843B /* PieChart.swift */; };
		2CFBCC932CA609FA00E8A72A /* SectionSelector.swift in Sources */ = {isa = PBXBuildFile; fileRef = 2CFBCC922CA609FA00E8A72A /* SectionSelector.swift */; };
		2CFBCC952CA60BC800E8A72A /* RoundedIcon.swift in Sources */ = {isa = PBXBuildFile; fileRef = 2CFBCC942CA60BC800E8A72A /* RoundedIcon.swift */; };
/* End PBXBuildFile section */

/* Begin PBXFileReference section */
		21A9848FB16BF34E08D93E51 /* Pods-HHA-2.release.xcconfig */ = {isa = PBXFileReference; includeInIndex = 1; lastKnownFileType = text.xcconfig; name = "Pods-HHA-2.release.xcconfig"; path = "Target Support Files/Pods-HHA-2/Pods-HHA-2.release.xcconfig"; sourceTree = "<group>"; };
		2C15264D2C963F7000D20E35 /* CompareChart.swift */ = {isa = PBXFileReference; lastKnownFileType = sourcecode.swift; path = CompareChart.swift; sourceTree = "<group>"; };
		2C1C670D2CAC2D2800E96552 /* CommonViewModel.swift */ = {isa = PBXFileReference; lastKnownFileType = sourcecode.swift; path = CommonViewModel.swift; sourceTree = "<group>"; };
		2C31998B2C9396C4007EDC3C /* Card.swift */ = {isa = PBXFileReference; lastKnownFileType = sourcecode.swift; path = Card.swift; sourceTree = "<group>"; };
		2C31998D2C9397E0007EDC3C /* RoundedButton.swift */ = {isa = PBXFileReference; lastKnownFileType = sourcecode.swift; path = RoundedButton.swift; sourceTree = "<group>"; };
		2C4CC8242C9CC8540022B791 /* CustomToggle.swift */ = {isa = PBXFileReference; lastKnownFileType = sourcecode.swift; path = CustomToggle.swift; sourceTree = "<group>"; };
		2C4CC8262C9CD61F0022B791 /* Footnote.swift */ = {isa = PBXFileReference; lastKnownFileType = sourcecode.swift; path = Footnote.swift; sourceTree = "<group>"; };
		2C4D499C2C930F0B00CAA89F /* HHA-2.app */ = {isa = PBXFileReference; explicitFileType = wrapper.application; includeInIndex = 0; path = "HHA-2.app"; sourceTree = BUILT_PRODUCTS_DIR; };
		2C4D499F2C930F0B00CAA89F /* HHA_2App.swift */ = {isa = PBXFileReference; lastKnownFileType = sourcecode.swift; path = HHA_2App.swift; sourceTree = "<group>"; };
		2C4D49A12C930F0B00CAA89F /* ContentView.swift */ = {isa = PBXFileReference; lastKnownFileType = sourcecode.swift; path = ContentView.swift; sourceTree = "<group>"; };
		2C4D49A32C930F0C00CAA89F /* Assets.xcassets */ = {isa = PBXFileReference; lastKnownFileType = folder.assetcatalog; path = Assets.xcassets; sourceTree = "<group>"; };
		2C4D49A62C930F0C00CAA89F /* Preview Assets.xcassets */ = {isa = PBXFileReference; lastKnownFileType = folder.assetcatalog; path = "Preview Assets.xcassets"; sourceTree = "<group>"; };
		2C67A49C2CA4BC9900BBF5FE /* DateSelector.swift */ = {isa = PBXFileReference; lastKnownFileType = sourcecode.swift; path = DateSelector.swift; sourceTree = "<group>"; };
		2C8A0B122C9EDA12003D7647 /* FloatingSheet.swift */ = {isa = PBXFileReference; lastKnownFileType = sourcecode.swift; path = FloatingSheet.swift; sourceTree = "<group>"; };
		2C8A0B162C9F6A7B003D7647 /* InputNumWithCalc.swift */ = {isa = PBXFileReference; lastKnownFileType = sourcecode.swift; path = InputNumWithCalc.swift; sourceTree = "<group>"; };
		2C9348C72C95C37F00E9129B /* YearMonthSelector.swift */ = {isa = PBXFileReference; lastKnownFileType = sourcecode.swift; path = YearMonthSelector.swift; sourceTree = "<group>"; };
		2C97A1982C9B7CE900E4EB2D /* InputPage.swift */ = {isa = PBXFileReference; lastKnownFileType = sourcecode.swift; path = InputPage.swift; sourceTree = "<group>"; };
		2C97A19A2C9B835700E4EB2D /* SegmentedSelector.swift */ = {isa = PBXFileReference; lastKnownFileType = sourcecode.swift; path = SegmentedSelector.swift; sourceTree = "<group>"; };
		2C9AC8342C9E7B0400C57CDD /* InputText.swift */ = {isa = PBXFileReference; lastKnownFileType = sourcecode.swift; path = InputText.swift; sourceTree = "<group>"; };
		2CB19EE42C931A8E008D1600 /* BalanceListPage.swift */ = {isa = PBXFileReference; lastKnownFileType = sourcecode.swift; path = BalanceListPage.swift; sourceTree = "<group>"; };
		2CB19EE92C931ADC008D1600 /* DepositWithdrawPage.swift */ = {isa = PBXFileReference; lastKnownFileType = sourcecode.swift; path = DepositWithdrawPage.swift; sourceTree = "<group>"; };
		2CB19EEB2C931AED008D1600 /* CalendarPage.swift */ = {isa = PBXFileReference; lastKnownFileType = sourcecode.swift; path = CalendarPage.swift; sourceTree = "<group>"; };
		2CB19EED2C931B08008D1600 /* MenuPage.swift */ = {isa = PBXFileReference; lastKnownFileType = sourcecode.swift; path = MenuPage.swift; sourceTree = "<group>"; };
		2CB19EEF2C931B1F008D1600 /* CommonModel.swift */ = {isa = PBXFileReference; lastKnownFileType = sourcecode.swift; path = CommonModel.swift; sourceTree = "<group>"; };
		2CB19EF12C931BA3008D1600 /* CustomTab.swift */ = {isa = PBXFileReference; lastKnownFileType = sourcecode.swift; path = CustomTab.swift; sourceTree = "<group>"; };
		2CB8AB9C2C95BADD006ED0C4 /* InnerHeader.swift */ = {isa = PBXFileReference; lastKnownFileType = sourcecode.swift; path = InnerHeader.swift; sourceTree = "<group>"; };
		2CCC87042C9A31BA00345310 /* Border.swift */ = {isa = PBXFileReference; lastKnownFileType = sourcecode.swift; path = Border.swift; sourceTree = "<group>"; };
		2CF193022C9689A600D4843B /* PieChart.swift */ = {isa = PBXFileReference; lastKnownFileType = sourcecode.swift; path = PieChart.swift; sourceTree = "<group>"; };
		2CFBCC922CA609FA00E8A72A /* SectionSelector.swift */ = {isa = PBXFileReference; lastKnownFileType = sourcecode.swift; path = SectionSelector.swift; sourceTree = "<group>"; };
		2CFBCC942CA60BC800E8A72A /* RoundedIcon.swift */ = {isa = PBXFileReference; lastKnownFileType = sourcecode.swift; path = RoundedIcon.swift; sourceTree = "<group>"; };
		303B5701C9FBFA5BAFE2B5C7 /* Pods-HHA-2.debug.xcconfig */ = {isa = PBXFileReference; includeInIndex = 1; lastKnownFileType = text.xcconfig; name = "Pods-HHA-2.debug.xcconfig"; path = "Target Support Files/Pods-HHA-2/Pods-HHA-2.debug.xcconfig"; sourceTree = "<group>"; };
		6DE85EC195D106FA4F038CCE /* Pods_HHA_2.framework */ = {isa = PBXFileReference; explicitFileType = wrapper.framework; includeInIndex = 0; path = Pods_HHA_2.framework; sourceTree = BUILT_PRODUCTS_DIR; };
/* End PBXFileReference section */

/* Begin PBXFrameworksBuildPhase section */
		2C4D49992C930F0B00CAA89F /* Frameworks */ = {
			isa = PBXFrameworksBuildPhase;
			buildActionMask = 2147483647;
			files = (
				14AB7B1ADF510161D9D2A59B /* Pods_HHA_2.framework in Frameworks */,
			);
			runOnlyForDeploymentPostprocessing = 0;
		};
/* End PBXFrameworksBuildPhase section */

/* Begin PBXGroup section */
		1F420155CA5F54CD2E40D407 /* Frameworks */ = {
			isa = PBXGroup;
			children = (
				6DE85EC195D106FA4F038CCE /* Pods_HHA_2.framework */,
			);
			name = Frameworks;
			sourceTree = "<group>";
		};
		2C1C670C2CAC2CDC00E96552 /* viewModel */ = {
			isa = PBXGroup;
			children = (
				2C1C670D2CAC2D2800E96552 /* CommonViewModel.swift */,
			);
			path = viewModel;
			sourceTree = "<group>";
		};
		2C31998A2C9396B0007EDC3C /* molecules */ = {
			isa = PBXGroup;
			children = (
				2C8A0B122C9EDA12003D7647 /* FloatingSheet.swift */,
				2C31998B2C9396C4007EDC3C /* Card.swift */,
				2C31998D2C9397E0007EDC3C /* RoundedButton.swift */,
				2CCC87042C9A31BA00345310 /* Border.swift */,
				2C97A19A2C9B835700E4EB2D /* SegmentedSelector.swift */,
				2C4CC8242C9CC8540022B791 /* CustomToggle.swift */,
				2C4CC8262C9CD61F0022B791 /* Footnote.swift */,
				2CFBCC942CA60BC800E8A72A /* RoundedIcon.swift */,
				2C9AC8342C9E7B0400C57CDD /* InputText.swift */,
			);
			path = molecules;
			sourceTree = "<group>";
		};
		2C4D49932C930F0B00CAA89F = {
			isa = PBXGroup;
			children = (
				2C4D499E2C930F0B00CAA89F /* HHA-2 */,
				2C4D499D2C930F0B00CAA89F /* Products */,
				C7D416C629D897F03972D1B9 /* Pods */,
				1F420155CA5F54CD2E40D407 /* Frameworks */,
			);
			sourceTree = "<group>";
		};
		2C4D499D2C930F0B00CAA89F /* Products */ = {
			isa = PBXGroup;
			children = (
				2C4D499C2C930F0B00CAA89F /* HHA-2.app */,
			);
			name = Products;
			sourceTree = "<group>";
		};
		2C4D499E2C930F0B00CAA89F /* HHA-2 */ = {
			isa = PBXGroup;
			children = (
				2C4D499F2C930F0B00CAA89F /* HHA_2App.swift */,
				2C4D49A12C930F0B00CAA89F /* ContentView.swift */,
				2C4D49A32C930F0C00CAA89F /* Assets.xcassets */,
				2CB19EE32C931A69008D1600 /* view */,
				2C1C670C2CAC2CDC00E96552 /* viewModel */,
				2CB19EE82C931AAB008D1600 /* model */,
				2C4D49A52C930F0C00CAA89F /* Preview Content */,
			);
			path = "HHA-2";
			sourceTree = "<group>";
		};
		2C4D49A52C930F0C00CAA89F /* Preview Content */ = {
			isa = PBXGroup;
			children = (
				2C4D49A62C930F0C00CAA89F /* Preview Assets.xcassets */,
			);
			path = "Preview Content";
			sourceTree = "<group>";
		};
		2CB19EE32C931A69008D1600 /* view */ = {
			isa = PBXGroup;
			children = (
				2C31998A2C9396B0007EDC3C /* molecules */,
				2CB19EE62C931A99008D1600 /* components */,
				2CB19EE72C931AA7008D1600 /* pages */,
			);
			path = view;
			sourceTree = "<group>";
		};
		2CB19EE62C931A99008D1600 /* components */ = {
			isa = PBXGroup;
			children = (
				2C8A0B162C9F6A7B003D7647 /* InputNumWithCalc.swift */,
				2C9348C72C95C37F00E9129B /* YearMonthSelector.swift */,
				2CB19EF12C931BA3008D1600 /* CustomTab.swift */,
				2CB8AB9C2C95BADD006ED0C4 /* InnerHeader.swift */,
				2C15264D2C963F7000D20E35 /* CompareChart.swift */,
				2CF193022C9689A600D4843B /* PieChart.swift */,
				2C67A49C2CA4BC9900BBF5FE /* DateSelector.swift */,
				2CFBCC922CA609FA00E8A72A /* SectionSelector.swift */,
			);
			path = components;
			sourceTree = "<group>";
		};
		2CB19EE72C931AA7008D1600 /* pages */ = {
			isa = PBXGroup;
			children = (
				2CB19EE42C931A8E008D1600 /* BalanceListPage.swift */,
				2CB19EE92C931ADC008D1600 /* DepositWithdrawPage.swift */,
				2CB19EEB2C931AED008D1600 /* CalendarPage.swift */,
				2CB19EED2C931B08008D1600 /* MenuPage.swift */,
				2C97A1982C9B7CE900E4EB2D /* InputPage.swift */,
			);
			path = pages;
			sourceTree = "<group>";
		};
		2CB19EE82C931AAB008D1600 /* model */ = {
			isa = PBXGroup;
			children = (
				2CB19EEF2C931B1F008D1600 /* CommonModel.swift */,
			);
			path = model;
			sourceTree = "<group>";
		};
		C7D416C629D897F03972D1B9 /* Pods */ = {
			isa = PBXGroup;
			children = (
				303B5701C9FBFA5BAFE2B5C7 /* Pods-HHA-2.debug.xcconfig */,
				21A9848FB16BF34E08D93E51 /* Pods-HHA-2.release.xcconfig */,
			);
			path = Pods;
			sourceTree = "<group>";
		};
/* End PBXGroup section */

/* Begin PBXNativeTarget section */
		2C4D499B2C930F0B00CAA89F /* HHA-2 */ = {
			isa = PBXNativeTarget;
			buildConfigurationList = 2C4D49AA2C930F0C00CAA89F /* Build configuration list for PBXNativeTarget "HHA-2" */;
			buildPhases = (
				A48DA8E7CC4904DA96AFF83F /* [CP] Check Pods Manifest.lock */,
				2C4D49982C930F0B00CAA89F /* Sources */,
				2C4D49992C930F0B00CAA89F /* Frameworks */,
				2C4D499A2C930F0B00CAA89F /* Resources */,
				618597656B5E716B4DD7EBD3 /* [CP] Embed Pods Frameworks */,
			);
			buildRules = (
			);
			dependencies = (
			);
			name = "HHA-2";
			productName = "HHA-2";
			productReference = 2C4D499C2C930F0B00CAA89F /* HHA-2.app */;
			productType = "com.apple.product-type.application";
		};
/* End PBXNativeTarget section */

/* Begin PBXProject section */
		2C4D49942C930F0B00CAA89F /* Project object */ = {
			isa = PBXProject;
			attributes = {
				BuildIndependentTargetsInParallel = 1;
				LastSwiftUpdateCheck = 1540;
				LastUpgradeCheck = 1600;
				TargetAttributes = {
					2C4D499B2C930F0B00CAA89F = {
						CreatedOnToolsVersion = 15.4;
					};
				};
			};
			buildConfigurationList = 2C4D49972C930F0B00CAA89F /* Build configuration list for PBXProject "HHA-2" */;
			compatibilityVersion = "Xcode 14.0";
			developmentRegion = en;
			hasScannedForEncodings = 0;
			knownRegions = (
				en,
				Base,
			);
			mainGroup = 2C4D49932C930F0B00CAA89F;
			productRefGroup = 2C4D499D2C930F0B00CAA89F /* Products */;
			projectDirPath = "";
			projectRoot = "";
			targets = (
				2C4D499B2C930F0B00CAA89F /* HHA-2 */,
			);
		};
/* End PBXProject section */

/* Begin PBXResourcesBuildPhase section */
		2C4D499A2C930F0B00CAA89F /* Resources */ = {
			isa = PBXResourcesBuildPhase;
			buildActionMask = 2147483647;
			files = (
				2C4D49A72C930F0C00CAA89F /* Preview Assets.xcassets in Resources */,
				2C4D49A42C930F0C00CAA89F /* Assets.xcassets in Resources */,
			);
			runOnlyForDeploymentPostprocessing = 0;
		};
/* End PBXResourcesBuildPhase section */

/* Begin PBXShellScriptBuildPhase section */
		618597656B5E716B4DD7EBD3 /* [CP] Embed Pods Frameworks */ = {
			isa = PBXShellScriptBuildPhase;
			buildActionMask = 2147483647;
			files = (
			);
			inputFileListPaths = (
				"${PODS_ROOT}/Target Support Files/Pods-HHA-2/Pods-HHA-2-frameworks-${CONFIGURATION}-input-files.xcfilelist",
			);
			name = "[CP] Embed Pods Frameworks";
			outputFileListPaths = (
				"${PODS_ROOT}/Target Support Files/Pods-HHA-2/Pods-HHA-2-frameworks-${CONFIGURATION}-output-files.xcfilelist",
			);
			runOnlyForDeploymentPostprocessing = 0;
			shellPath = /bin/sh;
			shellScript = "\"${PODS_ROOT}/Target Support Files/Pods-HHA-2/Pods-HHA-2-frameworks.sh\"\n";
			showEnvVarsInLog = 0;
		};
		A48DA8E7CC4904DA96AFF83F /* [CP] Check Pods Manifest.lock */ = {
			isa = PBXShellScriptBuildPhase;
			buildActionMask = 2147483647;
			files = (
			);
			inputFileListPaths = (
			);
			inputPaths = (
				"${PODS_PODFILE_DIR_PATH}/Podfile.lock",
				"${PODS_ROOT}/Manifest.lock",
			);
			name = "[CP] Check Pods Manifest.lock";
			outputFileListPaths = (
			);
			outputPaths = (
				"$(DERIVED_FILE_DIR)/Pods-HHA-2-checkManifestLockResult.txt",
			);
			runOnlyForDeploymentPostprocessing = 0;
			shellPath = /bin/sh;
			shellScript = "diff \"${PODS_PODFILE_DIR_PATH}/Podfile.lock\" \"${PODS_ROOT}/Manifest.lock\" > /dev/null\nif [ $? != 0 ] ; then\n    # print error to STDERR\n    echo \"error: The sandbox is not in sync with the Podfile.lock. Run 'pod install' or update your CocoaPods installation.\" >&2\n    exit 1\nfi\n# This output is used by Xcode 'outputs' to avoid re-running this script phase.\necho \"SUCCESS\" > \"${SCRIPT_OUTPUT_FILE_0}\"\n";
			showEnvVarsInLog = 0;
		};
/* End PBXShellScriptBuildPhase section */

/* Begin PBXSourcesBuildPhase section */
		2C4D49982C930F0B00CAA89F /* Sources */ = {
			isa = PBXSourcesBuildPhase;
			buildActionMask = 2147483647;
			files = (
				2CB19EEC2C931AED008D1600 /* CalendarPage.swift in Sources */,
				2C31998E2C9397E0007EDC3C /* RoundedButton.swift in Sources */,
				2C31998C2C9396C4007EDC3C /* Card.swift in Sources */,
				2C15264E2C963F7100D20E35 /* CompareChart.swift in Sources */,
				2C8A0B132C9EDA12003D7647 /* FloatingSheet.swift in Sources */,
				2CCC87052C9A31BA00345310 /* Border.swift in Sources */,
				2C4D49A22C930F0B00CAA89F /* ContentView.swift in Sources */,
				2C4CC8272C9CD61F0022B791 /* Footnote.swift in Sources */,
				2C97A19B2C9B835700E4EB2D /* SegmentedSelector.swift in Sources */,
				2CB19EF02C931B1F008D1600 /* CommonModel.swift in Sources */,
				2CB8AB9D2C95BADD006ED0C4 /* InnerHeader.swift in Sources */,
				2C4D49A02C930F0B00CAA89F /* HHA_2App.swift in Sources */,
				2CF193032C9689A600D4843B /* PieChart.swift in Sources */,
				2CB19EF22C931BA3008D1600 /* CustomTab.swift in Sources */,
				2C9AC8352C9E7B0400C57CDD /* InputText.swift in Sources */,
				2CFBCC932CA609FA00E8A72A /* SectionSelector.swift in Sources */,
				2C9348C82C95C38000E9129B /* YearMonthSelector.swift in Sources */,
				2CB19EE52C931A8E008D1600 /* BalanceListPage.swift in Sources */,
				2CFBCC952CA60BC800E8A72A /* RoundedIcon.swift in Sources */,
				2C1C670E2CAC2D2800E96552 /* CommonViewModel.swift in Sources */,
				2C4CC8252C9CC8540022B791 /* CustomToggle.swift in Sources */,
				2C97A1992C9B7CE900E4EB2D /* InputPage.swift in Sources */,
				2C67A49D2CA4BC9900BBF5FE /* DateSelector.swift in Sources */,
				2C8A0B172C9F6A7B003D7647 /* InputNumWithCalc.swift in Sources */,
				2CB19EEA2C931ADC008D1600 /* DepositWithdrawPage.swift in Sources */,
				2CB19EEE2C931B08008D1600 /* MenuPage.swift in Sources */,
			);
			runOnlyForDeploymentPostprocessing = 0;
		};
/* End PBXSourcesBuildPhase section */

/* Begin XCBuildConfiguration section */
		2C4D49A82C930F0C00CAA89F /* Debug */ = {
			isa = XCBuildConfiguration;
			buildSettings = {
				ALWAYS_SEARCH_USER_PATHS = NO;
				ASSETCATALOG_COMPILER_GENERATE_SWIFT_ASSET_SYMBOL_EXTENSIONS = YES;
				CLANG_ANALYZER_NONNULL = YES;
				CLANG_ANALYZER_NUMBER_OBJECT_CONVERSION = YES_AGGRESSIVE;
				CLANG_CXX_LANGUAGE_STANDARD = "gnu++20";
				CLANG_ENABLE_MODULES = YES;
				CLANG_ENABLE_OBJC_ARC = YES;
				CLANG_ENABLE_OBJC_WEAK = YES;
				CLANG_WARN_BLOCK_CAPTURE_AUTORELEASING = YES;
				CLANG_WARN_BOOL_CONVERSION = YES;
				CLANG_WARN_COMMA = YES;
				CLANG_WARN_CONSTANT_CONVERSION = YES;
				CLANG_WARN_DEPRECATED_OBJC_IMPLEMENTATIONS = YES;
				CLANG_WARN_DIRECT_OBJC_ISA_USAGE = YES_ERROR;
				CLANG_WARN_DOCUMENTATION_COMMENTS = YES;
				CLANG_WARN_EMPTY_BODY = YES;
				CLANG_WARN_ENUM_CONVERSION = YES;
				CLANG_WARN_INFINITE_RECURSION = YES;
				CLANG_WARN_INT_CONVERSION = YES;
				CLANG_WARN_NON_LITERAL_NULL_CONVERSION = YES;
				CLANG_WARN_OBJC_IMPLICIT_RETAIN_SELF = YES;
				CLANG_WARN_OBJC_LITERAL_CONVERSION = YES;
				CLANG_WARN_OBJC_ROOT_CLASS = YES_ERROR;
				CLANG_WARN_QUOTED_INCLUDE_IN_FRAMEWORK_HEADER = YES;
				CLANG_WARN_RANGE_LOOP_ANALYSIS = YES;
				CLANG_WARN_STRICT_PROTOTYPES = YES;
				CLANG_WARN_SUSPICIOUS_MOVE = YES;
				CLANG_WARN_UNGUARDED_AVAILABILITY = YES_AGGRESSIVE;
				CLANG_WARN_UNREACHABLE_CODE = YES;
				CLANG_WARN__DUPLICATE_METHOD_MATCH = YES;
				COPY_PHASE_STRIP = NO;
				DEBUG_INFORMATION_FORMAT = dwarf;
				ENABLE_STRICT_OBJC_MSGSEND = YES;
				ENABLE_TESTABILITY = YES;
				ENABLE_USER_SCRIPT_SANDBOXING = NO;
				GCC_C_LANGUAGE_STANDARD = gnu17;
				GCC_DYNAMIC_NO_PIC = NO;
				GCC_NO_COMMON_BLOCKS = YES;
				GCC_OPTIMIZATION_LEVEL = 0;
				GCC_PREPROCESSOR_DEFINITIONS = (
					"DEBUG=1",
					"$(inherited)",
				);
				GCC_WARN_64_TO_32_BIT_CONVERSION = YES;
				GCC_WARN_ABOUT_RETURN_TYPE = YES_ERROR;
				GCC_WARN_UNDECLARED_SELECTOR = YES;
				GCC_WARN_UNINITIALIZED_AUTOS = YES_AGGRESSIVE;
				GCC_WARN_UNUSED_FUNCTION = YES;
				GCC_WARN_UNUSED_VARIABLE = YES;
				IPHONEOS_DEPLOYMENT_TARGET = 17.5;
				LOCALIZATION_PREFERS_STRING_CATALOGS = YES;
				MTL_ENABLE_DEBUG_INFO = INCLUDE_SOURCE;
				MTL_FAST_MATH = YES;
				ONLY_ACTIVE_ARCH = YES;
				SDKROOT = iphoneos;
				SWIFT_ACTIVE_COMPILATION_CONDITIONS = "DEBUG $(inherited)";
				SWIFT_OPTIMIZATION_LEVEL = "-Onone";
			};
			name = Debug;
		};
		2C4D49A92C930F0C00CAA89F /* Release */ = {
			isa = XCBuildConfiguration;
			buildSettings = {
				ALWAYS_SEARCH_USER_PATHS = NO;
				ASSETCATALOG_COMPILER_GENERATE_SWIFT_ASSET_SYMBOL_EXTENSIONS = YES;
				CLANG_ANALYZER_NONNULL = YES;
				CLANG_ANALYZER_NUMBER_OBJECT_CONVERSION = YES_AGGRESSIVE;
				CLANG_CXX_LANGUAGE_STANDARD = "gnu++20";
				CLANG_ENABLE_MODULES = YES;
				CLANG_ENABLE_OBJC_ARC = YES;
				CLANG_ENABLE_OBJC_WEAK = YES;
				CLANG_WARN_BLOCK_CAPTURE_AUTORELEASING = YES;
				CLANG_WARN_BOOL_CONVERSION = YES;
				CLANG_WARN_COMMA = YES;
				CLANG_WARN_CONSTANT_CONVERSION = YES;
				CLANG_WARN_DEPRECATED_OBJC_IMPLEMENTATIONS = YES;
				CLANG_WARN_DIRECT_OBJC_ISA_USAGE = YES_ERROR;
				CLANG_WARN_DOCUMENTATION_COMMENTS = YES;
				CLANG_WARN_EMPTY_BODY = YES;
				CLANG_WARN_ENUM_CONVERSION = YES;
				CLANG_WARN_INFINITE_RECURSION = YES;
				CLANG_WARN_INT_CONVERSION = YES;
				CLANG_WARN_NON_LITERAL_NULL_CONVERSION = YES;
				CLANG_WARN_OBJC_IMPLICIT_RETAIN_SELF = YES;
				CLANG_WARN_OBJC_LITERAL_CONVERSION = YES;
				CLANG_WARN_OBJC_ROOT_CLASS = YES_ERROR;
				CLANG_WARN_QUOTED_INCLUDE_IN_FRAMEWORK_HEADER = YES;
				CLANG_WARN_RANGE_LOOP_ANALYSIS = YES;
				CLANG_WARN_STRICT_PROTOTYPES = YES;
				CLANG_WARN_SUSPICIOUS_MOVE = YES;
				CLANG_WARN_UNGUARDED_AVAILABILITY = YES_AGGRESSIVE;
				CLANG_WARN_UNREACHABLE_CODE = YES;
				CLANG_WARN__DUPLICATE_METHOD_MATCH = YES;
				COPY_PHASE_STRIP = NO;
				DEBUG_INFORMATION_FORMAT = "dwarf-with-dsym";
				ENABLE_NS_ASSERTIONS = NO;
				ENABLE_STRICT_OBJC_MSGSEND = YES;
				ENABLE_USER_SCRIPT_SANDBOXING = NO;
				GCC_C_LANGUAGE_STANDARD = gnu17;
				GCC_NO_COMMON_BLOCKS = YES;
				GCC_WARN_64_TO_32_BIT_CONVERSION = YES;
				GCC_WARN_ABOUT_RETURN_TYPE = YES_ERROR;
				GCC_WARN_UNDECLARED_SELECTOR = YES;
				GCC_WARN_UNINITIALIZED_AUTOS = YES_AGGRESSIVE;
				GCC_WARN_UNUSED_FUNCTION = YES;
				GCC_WARN_UNUSED_VARIABLE = YES;
				IPHONEOS_DEPLOYMENT_TARGET = 17.5;
				LOCALIZATION_PREFERS_STRING_CATALOGS = YES;
				MTL_ENABLE_DEBUG_INFO = NO;
				MTL_FAST_MATH = YES;
				SDKROOT = iphoneos;
				SWIFT_COMPILATION_MODE = wholemodule;
				VALIDATE_PRODUCT = YES;
			};
			name = Release;
		};
		2C4D49AB2C930F0C00CAA89F /* Debug */ = {
			isa = XCBuildConfiguration;
			baseConfigurationReference = 303B5701C9FBFA5BAFE2B5C7 /* Pods-HHA-2.debug.xcconfig */;
			buildSettings = {
				ASSETCATALOG_COMPILER_APPICON_NAME = AppIcon;
				ASSETCATALOG_COMPILER_GLOBAL_ACCENT_COLOR_NAME = AccentColor;
				CODE_SIGN_STYLE = Automatic;
				CURRENT_PROJECT_VERSION = 1;
				DEVELOPMENT_ASSET_PATHS = "\"HHA-2/Preview Content\"";
				DEVELOPMENT_TEAM = HDQXA782B7;
				ENABLE_PREVIEWS = YES;
				GENERATE_INFOPLIST_FILE = YES;
				INFOPLIST_KEY_UIApplicationSceneManifest_Generation = YES;
				INFOPLIST_KEY_UIApplicationSupportsIndirectInputEvents = YES;
				INFOPLIST_KEY_UILaunchScreen_Generation = YES;
				INFOPLIST_KEY_UISupportedInterfaceOrientations_iPad = "UIInterfaceOrientationPortrait UIInterfaceOrientationPortraitUpsideDown UIInterfaceOrientationLandscapeLeft UIInterfaceOrientationLandscapeRight";
				INFOPLIST_KEY_UISupportedInterfaceOrientations_iPhone = "UIInterfaceOrientationPortrait UIInterfaceOrientationLandscapeLeft UIInterfaceOrientationLandscapeRight";
				LD_RUNPATH_SEARCH_PATHS = (
					"$(inherited)",
					"@executable_path/Frameworks",
				);
				MARKETING_VERSION = 1.0;
				PRODUCT_BUNDLE_IDENTIFIER = "com.takuto.HHA-2";
				PRODUCT_NAME = "$(TARGET_NAME)";
				SWIFT_EMIT_LOC_STRINGS = YES;
				SWIFT_VERSION = 5.0;
				TARGETED_DEVICE_FAMILY = "1,2";
			};
			name = Debug;
		};
		2C4D49AC2C930F0C00CAA89F /* Release */ = {
			isa = XCBuildConfiguration;
			baseConfigurationReference = 21A9848FB16BF34E08D93E51 /* Pods-HHA-2.release.xcconfig */;
			buildSettings = {
				ASSETCATALOG_COMPILER_APPICON_NAME = AppIcon;
				ASSETCATALOG_COMPILER_GLOBAL_ACCENT_COLOR_NAME = AccentColor;
				CODE_SIGN_STYLE = Automatic;
				CURRENT_PROJECT_VERSION = 1;
				DEVELOPMENT_ASSET_PATHS = "\"HHA-2/Preview Content\"";
				DEVELOPMENT_TEAM = HDQXA782B7;
				ENABLE_PREVIEWS = YES;
				GENERATE_INFOPLIST_FILE = YES;
				INFOPLIST_KEY_UIApplicationSceneManifest_Generation = YES;
				INFOPLIST_KEY_UIApplicationSupportsIndirectInputEvents = YES;
				INFOPLIST_KEY_UILaunchScreen_Generation = YES;
				INFOPLIST_KEY_UISupportedInterfaceOrientations_iPad = "UIInterfaceOrientationPortrait UIInterfaceOrientationPortraitUpsideDown UIInterfaceOrientationLandscapeLeft UIInterfaceOrientationLandscapeRight";
				INFOPLIST_KEY_UISupportedInterfaceOrientations_iPhone = "UIInterfaceOrientationPortrait UIInterfaceOrientationLandscapeLeft UIInterfaceOrientationLandscapeRight";
				LD_RUNPATH_SEARCH_PATHS = (
					"$(inherited)",
					"@executable_path/Frameworks",
				);
				MARKETING_VERSION = 1.0;
				PRODUCT_BUNDLE_IDENTIFIER = "com.takuto.HHA-2";
				PRODUCT_NAME = "$(TARGET_NAME)";
				SWIFT_EMIT_LOC_STRINGS = YES;
				SWIFT_VERSION = 5.0;
				TARGETED_DEVICE_FAMILY = "1,2";
			};
			name = Release;
		};
/* End XCBuildConfiguration section */

/* Begin XCConfigurationList section */
		2C4D49972C930F0B00CAA89F /* Build configuration list for PBXProject "HHA-2" */ = {
			isa = XCConfigurationList;
			buildConfigurations = (
				2C4D49A82C930F0C00CAA89F /* Debug */,
				2C4D49A92C930F0C00CAA89F /* Release */,
			);
			defaultConfigurationIsVisible = 0;
			defaultConfigurationName = Release;
		};
		2C4D49AA2C930F0C00CAA89F /* Build configuration list for PBXNativeTarget "HHA-2" */ = {
			isa = XCConfigurationList;
			buildConfigurations = (
				2C4D49AB2C930F0C00CAA89F /* Debug */,
				2C4D49AC2C930F0C00CAA89F /* Release */,
			);
			defaultConfigurationIsVisible = 0;
			defaultConfigurationName = Release;
		};
/* End XCConfigurationList section */
	};
	rootObject = 2C4D49942C930F0B00CAA89F /* Project object */;
}
